
Microsoft Visual Studio Solution File, Format Version 12.00
# Visual Studio Version 17
VisualStudioVersion = 17.8.34408.163
MinimumVisualStudioVersion = 10.0.40219.1
Project("{FAE04EC0-301F-11D3-BF4B-00C04F79EFBC}") = "DiceGame", "DiceGame.csproj", "{888CC79D-CE1F-46A1-AEF8-13AF2016CC3B}"
EndProject
Global
	GlobalSection(SolutionConfigurationPlatforms) = preSolution
		Debug|Any CPU = Debug|Any CPU
		Release|Any CPU = Release|Any CPU
	EndGlobalSection
	GlobalSection(ProjectConfigurationPlatforms) = postSolution
		{888CC79D-CE1F-46A1-AEF8-13AF2016CC3B}.Debug|Any CPU.ActiveCfg = Debug|Any CPU
		{888CC79D-CE1F-46A1-AEF8-13AF2016CC3B}.Debug|Any CPU.Build.0 = Debug|Any CPU
		{888CC79D-CE1F-46A1-AEF8-13AF2016CC3B}.Release|Any CPU.ActiveCfg = Release|Any CPU
		{888CC79D-CE1F-46A1-AEF8-13AF2016CC3B}.Release|Any CPU.Build.0 = Release|Any CPU
	EndGlobalSection
	GlobalSection(SolutionProperties) = preSolution
		HideSolutionNode = FALSE
	EndGlobalSection
	GlobalSection(ExtensibilityGlobals) = postSolution
		SolutionGuid = {AC0E7457-AF81-46D2-AB1B-F00C02002D85}
	EndGlobalSection
EndGlobal
